
Microsoft Visual Studio Solution File, Format Version 12.00
# Visual Studio Version 17
VisualStudioVersion = 17.4.33122.133
MinimumVisualStudioVersion = 10.0.40219.1
Project("{9A19103F-16F7-4668-BE54-9A1E7A4F7556}") = "QuestionMark", "QuestionMark\QuestionMark.csproj", "{E2858F7D-59B4-4787-A4FA-DC3F5860ED66}"
EndProject
Project("{9A19103F-16F7-4668-BE54-9A1E7A4F7556}") = "Switch", "Switch\Switch.csproj", "{13F38E31-23E3-4638-BC84-10AAA53358A0}"
EndProject
Project("{9A19103F-16F7-4668-BE54-9A1E7A4F7556}") = "ForeachWhile", "ForeachWhile\ForeachWhile.csproj", "{C78D75F3-2100-45DC-AD01-7473D48F49A6}"
EndProject
Project("{9A19103F-16F7-4668-BE54-9A1E7A4F7556}") = "RefOut", "RefOut\RefOut.csproj", "{C0336EE4-7F2E-407E-B4F2-B1CE7EF2C4EB}"
EndProject
Project("{9A19103F-16F7-4668-BE54-9A1E7A4F7556}") = "RegexTryParse", "RegexTryParse\RegexTryParse.csproj", "{DE9B33C0-A741-403F-8902-20F7AFB48701}"
EndProject
Project("{9A19103F-16F7-4668-BE54-9A1E7A4F7556}") = "PartialClass", "PartialClass\PartialClass.csproj", "{4B19A5DF-FC56-4920-B5A5-8091641763F2}"
EndProject
Project("{9A19103F-16F7-4668-BE54-9A1E7A4F7556}") = "ArgumentAndParams", "ArgumentAndParams\ArgumentAndParams.csproj", "{BD0664DD-88E9-4F7D-AEE7-BFDBAAEA5333}"
EndProject
Project("{9A19103F-16F7-4668-BE54-9A1E7A4F7556}") = "OopAbstraction", "OopAbstraction\OopAbstraction.csproj", "{AD723FA2-B62C-440D-AC56-322E4C768800}"
EndProject
Project("{9A19103F-16F7-4668-BE54-9A1E7A4F7556}") = "OopRncapsulation", "OopRncapsulation\OopRncapsulation.csproj", "{3178D9CC-00D3-44EF-872C-5A54407E1630}"
EndProject
Project("{9A19103F-16F7-4668-BE54-9A1E7A4F7556}") = "OopEncapsulationCont", "OopEncapsulationCount\OopEncapsulationCont.csproj", "{E6449A7E-1121-4B71-A406-2A901491E901}"
EndProject
Project("{FAE04EC0-301F-11D3-BF4B-00C04F79EFBC}") = "OopEncapsulationProperty", "OopEncapsulationProperty\OopEncapsulationProperty.csproj", "{83EAC1B4-D8A2-4158-9E6B-F42690047F0A}"
EndProject
Project("{FAE04EC0-301F-11D3-BF4B-00C04F79EFBC}") = "OopPolymorphismOverLoading", "OopPolymorphism\OopPolymorphismOverLoading.csproj", "{AC275895-B690-4B2A-A036-47188FBDD2F9}"
EndProject
Project("{FAE04EC0-301F-11D3-BF4B-00C04F79EFBC}") = "OopPolymorphismOverride", "OopPolymorphismOverride\OopPolymorphismOverride.csproj", "{5DAE9FB4-6BB1-4BFB-821A-5E24A50875F4}"
EndProject
Project("{FAE04EC0-301F-11D3-BF4B-00C04F79EFBC}") = "OopPolymorphismInterface", "OopPolymorphismInterface\OopPolymorphismInterface.csproj", "{7A737C52-EB3E-42CF-8407-6FB8019649E2}"
EndProject
Global
	GlobalSection(SolutionConfigurationPlatforms) = preSolution
		Debug|Any CPU = Debug|Any CPU
		Release|Any CPU = Release|Any CPU
	EndGlobalSection
	GlobalSection(ProjectConfigurationPlatforms) = postSolution
		{E2858F7D-59B4-4787-A4FA-DC3F5860ED66}.Debug|Any CPU.ActiveCfg = Debug|Any CPU
		{E2858F7D-59B4-4787-A4FA-DC3F5860ED66}.Debug|Any CPU.Build.0 = Debug|Any CPU
		{E2858F7D-59B4-4787-A4FA-DC3F5860ED66}.Release|Any CPU.ActiveCfg = Release|Any CPU
		{E2858F7D-59B4-4787-A4FA-DC3F5860ED66}.Release|Any CPU.Build.0 = Release|Any CPU
		{13F38E31-23E3-4638-BC84-10AAA53358A0}.Debug|Any CPU.ActiveCfg = Debug|Any CPU
		{13F38E31-23E3-4638-BC84-10AAA53358A0}.Debug|Any CPU.Build.0 = Debug|Any CPU
		{13F38E31-23E3-4638-BC84-10AAA53358A0}.Release|Any CPU.ActiveCfg = Release|Any CPU
		{13F38E31-23E3-4638-BC84-10AAA53358A0}.Release|Any CPU.Build.0 = Release|Any CPU
		{C78D75F3-2100-45DC-AD01-7473D48F49A6}.Debug|Any CPU.ActiveCfg = Debug|Any CPU
		{C78D75F3-2100-45DC-AD01-7473D48F49A6}.Debug|Any CPU.Build.0 = Debug|Any CPU
		{C78D75F3-2100-45DC-AD01-7473D48F49A6}.Release|Any CPU.ActiveCfg = Release|Any CPU
		{C78D75F3-2100-45DC-AD01-7473D48F49A6}.Release|Any CPU.Build.0 = Release|Any CPU
		{C0336EE4-7F2E-407E-B4F2-B1CE7EF2C4EB}.Debug|Any CPU.ActiveCfg = Debug|Any CPU
		{C0336EE4-7F2E-407E-B4F2-B1CE7EF2C4EB}.Debug|Any CPU.Build.0 = Debug|Any CPU
		{C0336EE4-7F2E-407E-B4F2-B1CE7EF2C4EB}.Release|Any CPU.ActiveCfg = Release|Any CPU
		{C0336EE4-7F2E-407E-B4F2-B1CE7EF2C4EB}.Release|Any CPU.Build.0 = Release|Any CPU
		{DE9B33C0-A741-403F-8902-20F7AFB48701}.Debug|Any CPU.ActiveCfg = Debug|Any CPU
		{DE9B33C0-A741-403F-8902-20F7AFB48701}.Debug|Any CPU.Build.0 = Debug|Any CPU
		{DE9B33C0-A741-403F-8902-20F7AFB48701}.Release|Any CPU.ActiveCfg = Release|Any CPU
		{DE9B33C0-A741-403F-8902-20F7AFB48701}.Release|Any CPU.Build.0 = Release|Any CPU
		{4B19A5DF-FC56-4920-B5A5-8091641763F2}.Debug|Any CPU.ActiveCfg = Debug|Any CPU
		{4B19A5DF-FC56-4920-B5A5-8091641763F2}.Debug|Any CPU.Build.0 = Debug|Any CPU
		{4B19A5DF-FC56-4920-B5A5-8091641763F2}.Release|Any CPU.ActiveCfg = Release|Any CPU
		{4B19A5DF-FC56-4920-B5A5-8091641763F2}.Release|Any CPU.Build.0 = Release|Any CPU
		{BD0664DD-88E9-4F7D-AEE7-BFDBAAEA5333}.Debug|Any CPU.ActiveCfg = Debug|Any CPU
		{BD0664DD-88E9-4F7D-AEE7-BFDBAAEA5333}.Debug|Any CPU.Build.0 = Debug|Any CPU
		{BD0664DD-88E9-4F7D-AEE7-BFDBAAEA5333}.Release|Any CPU.ActiveCfg = Release|Any CPU
		{BD0664DD-88E9-4F7D-AEE7-BFDBAAEA5333}.Release|Any CPU.Build.0 = Release|Any CPU
		{AD723FA2-B62C-440D-AC56-322E4C768800}.Debug|Any CPU.ActiveCfg = Debug|Any CPU
		{AD723FA2-B62C-440D-AC56-322E4C768800}.Debug|Any CPU.Build.0 = Debug|Any CPU
		{AD723FA2-B62C-440D-AC56-322E4C768800}.Release|Any CPU.ActiveCfg = Release|Any CPU
		{AD723FA2-B62C-440D-AC56-322E4C768800}.Release|Any CPU.Build.0 = Release|Any CPU
		{3178D9CC-00D3-44EF-872C-5A54407E1630}.Debug|Any CPU.ActiveCfg = Debug|Any CPU
		{3178D9CC-00D3-44EF-872C-5A54407E1630}.Debug|Any CPU.Build.0 = Debug|Any CPU
		{3178D9CC-00D3-44EF-872C-5A54407E1630}.Release|Any CPU.ActiveCfg = Release|Any CPU
		{3178D9CC-00D3-44EF-872C-5A54407E1630}.Release|Any CPU.Build.0 = Release|Any CPU
		{E6449A7E-1121-4B71-A406-2A901491E901}.Debug|Any CPU.ActiveCfg = Debug|Any CPU
		{E6449A7E-1121-4B71-A406-2A901491E901}.Debug|Any CPU.Build.0 = Debug|Any CPU
		{E6449A7E-1121-4B71-A406-2A901491E901}.Release|Any CPU.ActiveCfg = Release|Any CPU
		{E6449A7E-1121-4B71-A406-2A901491E901}.Release|Any CPU.Build.0 = Release|Any CPU
		{83EAC1B4-D8A2-4158-9E6B-F42690047F0A}.Debug|Any CPU.ActiveCfg = Debug|Any CPU
		{83EAC1B4-D8A2-4158-9E6B-F42690047F0A}.Debug|Any CPU.Build.0 = Debug|Any CPU
		{83EAC1B4-D8A2-4158-9E6B-F42690047F0A}.Release|Any CPU.ActiveCfg = Release|Any CPU
		{83EAC1B4-D8A2-4158-9E6B-F42690047F0A}.Release|Any CPU.Build.0 = Release|Any CPU
		{AC275895-B690-4B2A-A036-47188FBDD2F9}.Debug|Any CPU.ActiveCfg = Debug|Any CPU
		{AC275895-B690-4B2A-A036-47188FBDD2F9}.Debug|Any CPU.Build.0 = Debug|Any CPU
		{AC275895-B690-4B2A-A036-47188FBDD2F9}.Release|Any CPU.ActiveCfg = Release|Any CPU
		{AC275895-B690-4B2A-A036-47188FBDD2F9}.Release|Any CPU.Build.0 = Release|Any CPU
		{5DAE9FB4-6BB1-4BFB-821A-5E24A50875F4}.Debug|Any CPU.ActiveCfg = Debug|Any CPU
		{5DAE9FB4-6BB1-4BFB-821A-5E24A50875F4}.Debug|Any CPU.Build.0 = Debug|Any CPU
		{5DAE9FB4-6BB1-4BFB-821A-5E24A50875F4}.Release|Any CPU.ActiveCfg = Release|Any CPU
		{5DAE9FB4-6BB1-4BFB-821A-5E24A50875F4}.Release|Any CPU.Build.0 = Release|Any CPU
		{7A737C52-EB3E-42CF-8407-6FB8019649E2}.Debug|Any CPU.ActiveCfg = Debug|Any CPU
		{7A737C52-EB3E-42CF-8407-6FB8019649E2}.Debug|Any CPU.Build.0 = Debug|Any CPU
		{7A737C52-EB3E-42CF-8407-6FB8019649E2}.Release|Any CPU.ActiveCfg = Release|Any CPU
		{7A737C52-EB3E-42CF-8407-6FB8019649E2}.Release|Any CPU.Build.0 = Release|Any CPU
	EndGlobalSection
	GlobalSection(SolutionProperties) = preSolution
		HideSolutionNode = FALSE
	EndGlobalSection
	GlobalSection(ExtensibilityGlobals) = postSolution
		SolutionGuid = {3012981D-ED7A-4398-8013-F01CA78A2C2F}
	EndGlobalSection
EndGlobal
