
Microsoft Visual Studio Solution File, Format Version 12.00
# Visual Studio Version 17
VisualStudioVersion = 17.4.33122.133
MinimumVisualStudioVersion = 10.0.40219.1
Project("{9A19103F-16F7-4668-BE54-9A1E7A4F7556}") = "QuestionMark", "QuestionMark\QuestionMark.csproj", "{E2858F7D-59B4-4787-A4FA-DC3F5860ED66}"
EndProject
Project("{9A19103F-16F7-4668-BE54-9A1E7A4F7556}") = "Switch", "Switch\Switch.csproj", "{13F38E31-23E3-4638-BC84-10AAA53358A0}"
EndProject
Project("{9A19103F-16F7-4668-BE54-9A1E7A4F7556}") = "ForeachWhile", "ForeachWhile\ForeachWhile.csproj", "{C78D75F3-2100-45DC-AD01-7473D48F49A6}"
EndProject
Project("{9A19103F-16F7-4668-BE54-9A1E7A4F7556}") = "RefOut", "RefOut\RefOut.csproj", "{C0336EE4-7F2E-407E-B4F2-B1CE7EF2C4EB}"
EndProject
Project("{9A19103F-16F7-4668-BE54-9A1E7A4F7556}") = "RegexTryParse", "RegexTryParse\RegexTryParse.csproj", "{DE9B33C0-A741-403F-8902-20F7AFB48701}"
EndProject
Project("{9A19103F-16F7-4668-BE54-9A1E7A4F7556}") = "PartialClass", "PartialClass\PartialClass.csproj", "{4B19A5DF-FC56-4920-B5A5-8091641763F2}"
EndProject
Project("{9A19103F-16F7-4668-BE54-9A1E7A4F7556}") = "ArgumentAndParams", "ArgumentAndParams\ArgumentAndParams.csproj", "{BD0664DD-88E9-4F7D-AEE7-BFDBAAEA5333}"
EndProject
Project("{9A19103F-16F7-4668-BE54-9A1E7A4F7556}") = "OopAbstraction", "OopAbstraction\OopAbstraction.csproj", "{AD723FA2-B62C-440D-AC56-322E4C768800}"
EndProject
Project("{9A19103F-16F7-4668-BE54-9A1E7A4F7556}") = "OopRncapsulation", "OopRncapsulation\OopRncapsulation.csproj", "{3178D9CC-00D3-44EF-872C-5A54407E1630}"
EndProject
Project("{9A19103F-16F7-4668-BE54-9A1E7A4F7556}") = "OopEncapsulationCont", "OopEncapsulationCount\OopEncapsulationCont.csproj", "{E6449A7E-1121-4B71-A406-2A901491E901}"
EndProject
Project("{9A19103F-16F7-4668-BE54-9A1E7A4F7556}") = "OopEncapsulationProperty", "OopEncapsulationProperty\OopEncapsulationProperty.csproj", "{83EAC1B4-D8A2-4158-9E6B-F42690047F0A}"
EndProject
Project("{9A19103F-16F7-4668-BE54-9A1E7A4F7556}") = "OopPolymorphismOverLoading", "OopPolymorphism\OopPolymorphismOverLoading.csproj", "{AC275895-B690-4B2A-A036-47188FBDD2F9}"
EndProject
Project("{9A19103F-16F7-4668-BE54-9A1E7A4F7556}") = "OopPolymorphismOverride", "OopPolymorphismOverride\OopPolymorphismOverride.csproj", "{5DAE9FB4-6BB1-4BFB-821A-5E24A50875F4}"
EndProject
Project("{9A19103F-16F7-4668-BE54-9A1E7A4F7556}") = "OopPolymorphismInterface", "OopPolymorphismInterface\OopPolymorphismInterface.csproj", "{7A737C52-EB3E-42CF-8407-6FB8019649E2}"
EndProject
Project("{9A19103F-16F7-4668-BE54-9A1E7A4F7556}") = "ExtensionnMethod", "ExtensionnMethod\ExtensionnMethod.csproj", "{83609133-D136-4B8F-B356-70DE5928414D}"
EndProject
Project("{9A19103F-16F7-4668-BE54-9A1E7A4F7556}") = "ListAndLINQ", "ListAndLINQ\ListAndLINQ.csproj", "{41F9C2CB-CC76-452E-9520-66D982CD8437}"
EndProject
Project("{9A19103F-16F7-4668-BE54-9A1E7A4F7556}") = "GenericClass", "GenericClass\GenericClass.csproj", "{50D774E2-B753-4FDE-B803-7C84BABE076E}"
EndProject
Project("{9A19103F-16F7-4668-BE54-9A1E7A4F7556}") = "Delegate", "Delegate\Delegate.csproj", "{DABD8F09-A59F-43C9-A3D8-74ECE50B0ABE}"
EndProject
Project("{9A19103F-16F7-4668-BE54-9A1E7A4F7556}") = "ExeciseOop", "ExeciseOop\ExeciseOop.csproj", "{181271BB-64C8-4B87-B306-1000F50A1026}"
EndProject
Project("{9A19103F-16F7-4668-BE54-9A1E7A4F7556}") = "Entity", "Entity\Entity.csproj", "{60AB8743-A99C-46B2-9BE5-BB8627F9B296}"
EndProject
Project("{9A19103F-16F7-4668-BE54-9A1E7A4F7556}") = "FuncAndAction", "FuncAndAction\FuncAndAction.csproj", "{FFF5F205-6023-49DD-8670-8EE7BB7B5E23}"
EndProject
Project("{9A19103F-16F7-4668-BE54-9A1E7A4F7556}") = "UsingTuple", "Tuple\UsingTuple.csproj", "{CF27A272-25C4-428A-8863-A6CC2C9869A7}"
EndProject
Project("{FAE04EC0-301F-11D3-BF4B-00C04F79EFBC}") = "WindowsFormsApp1", "WindowsFormsApp1\WindowsFormsApp1.csproj", "{26918C62-AAEB-4201-8E86-A25F16BAC417}"
EndProject
Project("{9A19103F-16F7-4668-BE54-9A1E7A4F7556}") = "WinFormsApp1", "WinFormsApp1\WinFormsApp1.csproj", "{9F63E0EC-7020-4354-911B-F85B54D607FB}"
EndProject
Project("{FAE04EC0-301F-11D3-BF4B-00C04F79EFBC}") = "WindowsForms", "WindowsForms\WindowsForms.csproj", "{9F152C80-DC85-4769-AEA6-3B54D5657C37}"
EndProject
Global
	GlobalSection(SolutionConfigurationPlatforms) = preSolution
		Debug|Any CPU = Debug|Any CPU
		Release|Any CPU = Release|Any CPU
	EndGlobalSection
	GlobalSection(ProjectConfigurationPlatforms) = postSolution
		{E2858F7D-59B4-4787-A4FA-DC3F5860ED66}.Debug|Any CPU.ActiveCfg = Debug|Any CPU
		{E2858F7D-59B4-4787-A4FA-DC3F5860ED66}.Debug|Any CPU.Build.0 = Debug|Any CPU
		{E2858F7D-59B4-4787-A4FA-DC3F5860ED66}.Release|Any CPU.ActiveCfg = Release|Any CPU
		{E2858F7D-59B4-4787-A4FA-DC3F5860ED66}.Release|Any CPU.Build.0 = Release|Any CPU
		{13F38E31-23E3-4638-BC84-10AAA53358A0}.Debug|Any CPU.ActiveCfg = Debug|Any CPU
		{13F38E31-23E3-4638-BC84-10AAA53358A0}.Debug|Any CPU.Build.0 = Debug|Any CPU
		{13F38E31-23E3-4638-BC84-10AAA53358A0}.Release|Any CPU.ActiveCfg = Release|Any CPU
		{13F38E31-23E3-4638-BC84-10AAA53358A0}.Release|Any CPU.Build.0 = Release|Any CPU
		{C78D75F3-2100-45DC-AD01-7473D48F49A6}.Debug|Any CPU.ActiveCfg = Debug|Any CPU
		{C78D75F3-2100-45DC-AD01-7473D48F49A6}.Debug|Any CPU.Build.0 = Debug|Any CPU
		{C78D75F3-2100-45DC-AD01-7473D48F49A6}.Release|Any CPU.ActiveCfg = Release|Any CPU
		{C78D75F3-2100-45DC-AD01-7473D48F49A6}.Release|Any CPU.Build.0 = Release|Any CPU
		{C0336EE4-7F2E-407E-B4F2-B1CE7EF2C4EB}.Debug|Any CPU.ActiveCfg = Debug|Any CPU
		{C0336EE4-7F2E-407E-B4F2-B1CE7EF2C4EB}.Debug|Any CPU.Build.0 = Debug|Any CPU
		{C0336EE4-7F2E-407E-B4F2-B1CE7EF2C4EB}.Release|Any CPU.ActiveCfg = Release|Any CPU
		{C0336EE4-7F2E-407E-B4F2-B1CE7EF2C4EB}.Release|Any CPU.Build.0 = Release|Any CPU
		{DE9B33C0-A741-403F-8902-20F7AFB48701}.Debug|Any CPU.ActiveCfg = Debug|Any CPU
		{DE9B33C0-A741-403F-8902-20F7AFB48701}.Debug|Any CPU.Build.0 = Debug|Any CPU
		{DE9B33C0-A741-403F-8902-20F7AFB48701}.Release|Any CPU.ActiveCfg = Release|Any CPU
		{DE9B33C0-A741-403F-8902-20F7AFB48701}.Release|Any CPU.Build.0 = Release|Any CPU
		{4B19A5DF-FC56-4920-B5A5-8091641763F2}.Debug|Any CPU.ActiveCfg = Debug|Any CPU
		{4B19A5DF-FC56-4920-B5A5-8091641763F2}.Debug|Any CPU.Build.0 = Debug|Any CPU
		{4B19A5DF-FC56-4920-B5A5-8091641763F2}.Release|Any CPU.ActiveCfg = Release|Any CPU
		{4B19A5DF-FC56-4920-B5A5-8091641763F2}.Release|Any CPU.Build.0 = Release|Any CPU
		{BD0664DD-88E9-4F7D-AEE7-BFDBAAEA5333}.Debug|Any CPU.ActiveCfg = Debug|Any CPU
		{BD0664DD-88E9-4F7D-AEE7-BFDBAAEA5333}.Debug|Any CPU.Build.0 = Debug|Any CPU
		{BD0664DD-88E9-4F7D-AEE7-BFDBAAEA5333}.Release|Any CPU.ActiveCfg = Release|Any CPU
		{BD0664DD-88E9-4F7D-AEE7-BFDBAAEA5333}.Release|Any CPU.Build.0 = Release|Any CPU
		{AD723FA2-B62C-440D-AC56-322E4C768800}.Debug|Any CPU.ActiveCfg = Debug|Any CPU
		{AD723FA2-B62C-440D-AC56-322E4C768800}.Debug|Any CPU.Build.0 = Debug|Any CPU
		{AD723FA2-B62C-440D-AC56-322E4C768800}.Release|Any CPU.ActiveCfg = Release|Any CPU
		{AD723FA2-B62C-440D-AC56-322E4C768800}.Release|Any CPU.Build.0 = Release|Any CPU
		{3178D9CC-00D3-44EF-872C-5A54407E1630}.Debug|Any CPU.ActiveCfg = Debug|Any CPU
		{3178D9CC-00D3-44EF-872C-5A54407E1630}.Debug|Any CPU.Build.0 = Debug|Any CPU
		{3178D9CC-00D3-44EF-872C-5A54407E1630}.Release|Any CPU.ActiveCfg = Release|Any CPU
		{3178D9CC-00D3-44EF-872C-5A54407E1630}.Release|Any CPU.Build.0 = Release|Any CPU
		{E6449A7E-1121-4B71-A406-2A901491E901}.Debug|Any CPU.ActiveCfg = Debug|Any CPU
		{E6449A7E-1121-4B71-A406-2A901491E901}.Debug|Any CPU.Build.0 = Debug|Any CPU
		{E6449A7E-1121-4B71-A406-2A901491E901}.Release|Any CPU.ActiveCfg = Release|Any CPU
		{E6449A7E-1121-4B71-A406-2A901491E901}.Release|Any CPU.Build.0 = Release|Any CPU
		{83EAC1B4-D8A2-4158-9E6B-F42690047F0A}.Debug|Any CPU.ActiveCfg = Debug|Any CPU
		{83EAC1B4-D8A2-4158-9E6B-F42690047F0A}.Debug|Any CPU.Build.0 = Debug|Any CPU
		{83EAC1B4-D8A2-4158-9E6B-F42690047F0A}.Release|Any CPU.ActiveCfg = Release|Any CPU
		{83EAC1B4-D8A2-4158-9E6B-F42690047F0A}.Release|Any CPU.Build.0 = Release|Any CPU
		{AC275895-B690-4B2A-A036-47188FBDD2F9}.Debug|Any CPU.ActiveCfg = Debug|Any CPU
		{AC275895-B690-4B2A-A036-47188FBDD2F9}.Debug|Any CPU.Build.0 = Debug|Any CPU
		{AC275895-B690-4B2A-A036-47188FBDD2F9}.Release|Any CPU.ActiveCfg = Release|Any CPU
		{AC275895-B690-4B2A-A036-47188FBDD2F9}.Release|Any CPU.Build.0 = Release|Any CPU
		{5DAE9FB4-6BB1-4BFB-821A-5E24A50875F4}.Debug|Any CPU.ActiveCfg = Debug|Any CPU
		{5DAE9FB4-6BB1-4BFB-821A-5E24A50875F4}.Debug|Any CPU.Build.0 = Debug|Any CPU
		{5DAE9FB4-6BB1-4BFB-821A-5E24A50875F4}.Release|Any CPU.ActiveCfg = Release|Any CPU
		{5DAE9FB4-6BB1-4BFB-821A-5E24A50875F4}.Release|Any CPU.Build.0 = Release|Any CPU
		{7A737C52-EB3E-42CF-8407-6FB8019649E2}.Debug|Any CPU.ActiveCfg = Debug|Any CPU
		{7A737C52-EB3E-42CF-8407-6FB8019649E2}.Debug|Any CPU.Build.0 = Debug|Any CPU
		{7A737C52-EB3E-42CF-8407-6FB8019649E2}.Release|Any CPU.ActiveCfg = Release|Any CPU
		{7A737C52-EB3E-42CF-8407-6FB8019649E2}.Release|Any CPU.Build.0 = Release|Any CPU
		{83609133-D136-4B8F-B356-70DE5928414D}.Debug|Any CPU.ActiveCfg = Debug|Any CPU
		{83609133-D136-4B8F-B356-70DE5928414D}.Debug|Any CPU.Build.0 = Debug|Any CPU
		{83609133-D136-4B8F-B356-70DE5928414D}.Release|Any CPU.ActiveCfg = Release|Any CPU
		{83609133-D136-4B8F-B356-70DE5928414D}.Release|Any CPU.Build.0 = Release|Any CPU
		{41F9C2CB-CC76-452E-9520-66D982CD8437}.Debug|Any CPU.ActiveCfg = Debug|Any CPU
		{41F9C2CB-CC76-452E-9520-66D982CD8437}.Debug|Any CPU.Build.0 = Debug|Any CPU
		{41F9C2CB-CC76-452E-9520-66D982CD8437}.Release|Any CPU.ActiveCfg = Release|Any CPU
		{41F9C2CB-CC76-452E-9520-66D982CD8437}.Release|Any CPU.Build.0 = Release|Any CPU
		{50D774E2-B753-4FDE-B803-7C84BABE076E}.Debug|Any CPU.ActiveCfg = Debug|Any CPU
		{50D774E2-B753-4FDE-B803-7C84BABE076E}.Debug|Any CPU.Build.0 = Debug|Any CPU
		{50D774E2-B753-4FDE-B803-7C84BABE076E}.Release|Any CPU.ActiveCfg = Release|Any CPU
		{50D774E2-B753-4FDE-B803-7C84BABE076E}.Release|Any CPU.Build.0 = Release|Any CPU
		{DABD8F09-A59F-43C9-A3D8-74ECE50B0ABE}.Debug|Any CPU.ActiveCfg = Debug|Any CPU
		{DABD8F09-A59F-43C9-A3D8-74ECE50B0ABE}.Debug|Any CPU.Build.0 = Debug|Any CPU
		{DABD8F09-A59F-43C9-A3D8-74ECE50B0ABE}.Release|Any CPU.ActiveCfg = Release|Any CPU
		{DABD8F09-A59F-43C9-A3D8-74ECE50B0ABE}.Release|Any CPU.Build.0 = Release|Any CPU
		{181271BB-64C8-4B87-B306-1000F50A1026}.Debug|Any CPU.ActiveCfg = Debug|Any CPU
		{181271BB-64C8-4B87-B306-1000F50A1026}.Debug|Any CPU.Build.0 = Debug|Any CPU
		{181271BB-64C8-4B87-B306-1000F50A1026}.Release|Any CPU.ActiveCfg = Release|Any CPU
		{181271BB-64C8-4B87-B306-1000F50A1026}.Release|Any CPU.Build.0 = Release|Any CPU
		{60AB8743-A99C-46B2-9BE5-BB8627F9B296}.Debug|Any CPU.ActiveCfg = Debug|Any CPU
		{60AB8743-A99C-46B2-9BE5-BB8627F9B296}.Debug|Any CPU.Build.0 = Debug|Any CPU
		{60AB8743-A99C-46B2-9BE5-BB8627F9B296}.Release|Any CPU.ActiveCfg = Release|Any CPU
		{60AB8743-A99C-46B2-9BE5-BB8627F9B296}.Release|Any CPU.Build.0 = Release|Any CPU
		{FFF5F205-6023-49DD-8670-8EE7BB7B5E23}.Debug|Any CPU.ActiveCfg = Debug|Any CPU
		{FFF5F205-6023-49DD-8670-8EE7BB7B5E23}.Debug|Any CPU.Build.0 = Debug|Any CPU
		{FFF5F205-6023-49DD-8670-8EE7BB7B5E23}.Release|Any CPU.ActiveCfg = Release|Any CPU
		{FFF5F205-6023-49DD-8670-8EE7BB7B5E23}.Release|Any CPU.Build.0 = Release|Any CPU
		{CF27A272-25C4-428A-8863-A6CC2C9869A7}.Debug|Any CPU.ActiveCfg = Debug|Any CPU
		{CF27A272-25C4-428A-8863-A6CC2C9869A7}.Debug|Any CPU.Build.0 = Debug|Any CPU
		{CF27A272-25C4-428A-8863-A6CC2C9869A7}.Release|Any CPU.ActiveCfg = Release|Any CPU
		{CF27A272-25C4-428A-8863-A6CC2C9869A7}.Release|Any CPU.Build.0 = Release|Any CPU
		{26918C62-AAEB-4201-8E86-A25F16BAC417}.Debug|Any CPU.ActiveCfg = Debug|Any CPU
		{26918C62-AAEB-4201-8E86-A25F16BAC417}.Debug|Any CPU.Build.0 = Debug|Any CPU
		{26918C62-AAEB-4201-8E86-A25F16BAC417}.Release|Any CPU.ActiveCfg = Release|Any CPU
		{26918C62-AAEB-4201-8E86-A25F16BAC417}.Release|Any CPU.Build.0 = Release|Any CPU
		{9F63E0EC-7020-4354-911B-F85B54D607FB}.Debug|Any CPU.ActiveCfg = Debug|Any CPU
		{9F63E0EC-7020-4354-911B-F85B54D607FB}.Debug|Any CPU.Build.0 = Debug|Any CPU
		{9F63E0EC-7020-4354-911B-F85B54D607FB}.Release|Any CPU.ActiveCfg = Release|Any CPU
		{9F63E0EC-7020-4354-911B-F85B54D607FB}.Release|Any CPU.Build.0 = Release|Any CPU
		{9F152C80-DC85-4769-AEA6-3B54D5657C37}.Debug|Any CPU.ActiveCfg = Debug|Any CPU
		{9F152C80-DC85-4769-AEA6-3B54D5657C37}.Debug|Any CPU.Build.0 = Debug|Any CPU
		{9F152C80-DC85-4769-AEA6-3B54D5657C37}.Release|Any CPU.ActiveCfg = Release|Any CPU
		{9F152C80-DC85-4769-AEA6-3B54D5657C37}.Release|Any CPU.Build.0 = Release|Any CPU
	EndGlobalSection
	GlobalSection(SolutionProperties) = preSolution
		HideSolutionNode = FALSE
	EndGlobalSection
	GlobalSection(ExtensibilityGlobals) = postSolution
		SolutionGuid = {3012981D-ED7A-4398-8013-F01CA78A2C2F}
	EndGlobalSection
EndGlobal
