
Microsoft Visual Studio Solution File, Format Version 12.00
# Visual Studio Version 17
VisualStudioVersion = 17.4.33122.133
MinimumVisualStudioVersion = 10.0.40219.1
Project("{9A19103F-16F7-4668-BE54-9A1E7A4F7556}") = "QuestionMark", "QuestionMark\QuestionMark.csproj", "{E2858F7D-59B4-4787-A4FA-DC3F5860ED66}"
EndProject
Project("{9A19103F-16F7-4668-BE54-9A1E7A4F7556}") = "Switch", "Switch\Switch.csproj", "{13F38E31-23E3-4638-BC84-10AAA53358A0}"
EndProject
Project("{9A19103F-16F7-4668-BE54-9A1E7A4F7556}") = "ForeachWhile", "ForeachWhile\ForeachWhile.csproj", "{C78D75F3-2100-45DC-AD01-7473D48F49A6}"
EndProject
Project("{9A19103F-16F7-4668-BE54-9A1E7A4F7556}") = "RefOut", "RefOut\RefOut.csproj", "{C0336EE4-7F2E-407E-B4F2-B1CE7EF2C4EB}"
EndProject
Project("{FAE04EC0-301F-11D3-BF4B-00C04F79EFBC}") = "RegexTryParse", "RegexTryParse\RegexTryParse.csproj", "{DE9B33C0-A741-403F-8902-20F7AFB48701}"
EndProject
Global
	GlobalSection(SolutionConfigurationPlatforms) = preSolution
		Debug|Any CPU = Debug|Any CPU
		Release|Any CPU = Release|Any CPU
	EndGlobalSection
	GlobalSection(ProjectConfigurationPlatforms) = postSolution
		{E2858F7D-59B4-4787-A4FA-DC3F5860ED66}.Debug|Any CPU.ActiveCfg = Debug|Any CPU
		{E2858F7D-59B4-4787-A4FA-DC3F5860ED66}.Debug|Any CPU.Build.0 = Debug|Any CPU
		{E2858F7D-59B4-4787-A4FA-DC3F5860ED66}.Release|Any CPU.ActiveCfg = Release|Any CPU
		{E2858F7D-59B4-4787-A4FA-DC3F5860ED66}.Release|Any CPU.Build.0 = Release|Any CPU
		{13F38E31-23E3-4638-BC84-10AAA53358A0}.Debug|Any CPU.ActiveCfg = Debug|Any CPU
		{13F38E31-23E3-4638-BC84-10AAA53358A0}.Debug|Any CPU.Build.0 = Debug|Any CPU
		{13F38E31-23E3-4638-BC84-10AAA53358A0}.Release|Any CPU.ActiveCfg = Release|Any CPU
		{13F38E31-23E3-4638-BC84-10AAA53358A0}.Release|Any CPU.Build.0 = Release|Any CPU
		{C78D75F3-2100-45DC-AD01-7473D48F49A6}.Debug|Any CPU.ActiveCfg = Debug|Any CPU
		{C78D75F3-2100-45DC-AD01-7473D48F49A6}.Debug|Any CPU.Build.0 = Debug|Any CPU
		{C78D75F3-2100-45DC-AD01-7473D48F49A6}.Release|Any CPU.ActiveCfg = Release|Any CPU
		{C78D75F3-2100-45DC-AD01-7473D48F49A6}.Release|Any CPU.Build.0 = Release|Any CPU
		{C0336EE4-7F2E-407E-B4F2-B1CE7EF2C4EB}.Debug|Any CPU.ActiveCfg = Debug|Any CPU
		{C0336EE4-7F2E-407E-B4F2-B1CE7EF2C4EB}.Debug|Any CPU.Build.0 = Debug|Any CPU
		{C0336EE4-7F2E-407E-B4F2-B1CE7EF2C4EB}.Release|Any CPU.ActiveCfg = Release|Any CPU
		{C0336EE4-7F2E-407E-B4F2-B1CE7EF2C4EB}.Release|Any CPU.Build.0 = Release|Any CPU
		{DE9B33C0-A741-403F-8902-20F7AFB48701}.Debug|Any CPU.ActiveCfg = Debug|Any CPU
		{DE9B33C0-A741-403F-8902-20F7AFB48701}.Debug|Any CPU.Build.0 = Debug|Any CPU
		{DE9B33C0-A741-403F-8902-20F7AFB48701}.Release|Any CPU.ActiveCfg = Release|Any CPU
		{DE9B33C0-A741-403F-8902-20F7AFB48701}.Release|Any CPU.Build.0 = Release|Any CPU
	EndGlobalSection
	GlobalSection(SolutionProperties) = preSolution
		HideSolutionNode = FALSE
	EndGlobalSection
	GlobalSection(ExtensibilityGlobals) = postSolution
		SolutionGuid = {3012981D-ED7A-4398-8013-F01CA78A2C2F}
	EndGlobalSection
EndGlobal
